
Microsoft Visual Studio Solution File, Format Version 12.00
# Visual Studio Version 16
VisualStudioVersion = 25.0.1704.4
MinimumVisualStudioVersion = 10.0.40219.1
Project("{FAE04EC0-301F-11D3-BF4B-00C04F79EFBC}") = "BlazorServerEFCoreDemo", "BlazorServerEFCoreDemo\BlazorServerEFCoreDemo.csproj", "{FBA47206-1284-41EA-B26A-9DF8FC57E3BE}"
EndProject
Global
	GlobalSection(SolutionConfigurationPlatforms) = preSolution
		Debug|Any CPU = Debug|Any CPU
		Release|Any CPU = Release|Any CPU
	EndGlobalSection
	GlobalSection(ProjectConfigurationPlatforms) = postSolution
		{FBA47206-1284-41EA-B26A-9DF8FC57E3BE}.Debug|Any CPU.ActiveCfg = Debug|Any CPU
		{FBA47206-1284-41EA-B26A-9DF8FC57E3BE}.Debug|Any CPU.Build.0 = Debug|Any CPU
		{FBA47206-1284-41EA-B26A-9DF8FC57E3BE}.Release|Any CPU.ActiveCfg = Release|Any CPU
		{FBA47206-1284-41EA-B26A-9DF8FC57E3BE}.Release|Any CPU.Build.0 = Release|Any CPU
	EndGlobalSection
	GlobalSection(SolutionProperties) = preSolution
		HideSolutionNode = FALSE
	EndGlobalSection
	GlobalSection(ExtensibilityGlobals) = postSolution
		SolutionGuid = {FB48857D-F0D7-4951-93E9-30814F8F30EA}
	EndGlobalSection
EndGlobal
